{
  "lockfileVersion": 1,
  "configVersion": 1,
  "workspaces": {
    "": {
      "name": "smartcampusmaua",
      "devDependencies": {
        "turbo": "^2.5.3",
        "typescript": "^5.7.3",
      },
    },
  },
  "packages": {
    "@turbo/darwin-64": ["@turbo/darwin-64@2.8.19", "", { "os": "darwin", "cpu": "x64" }, "sha512-WNzpqJV7rO/oKmsxjtSFXuV87fZb/qxzeGWXJng4oHFz7iPOFSWrPb2gTazJgoTvXUfe1kOH2o0F+zFrerwzRw=="],

    "@turbo/darwin-arm64": ["@turbo/darwin-arm64@2.8.19", "", { "os": "darwin", "cpu": "arm64" }, "sha512-KTq8/PH0/ml9bNFomZ2VjmOqW6RYPRqBqV5CfNeD5ekJMuNwJUdeQz0qXguxCzW4OkHCnTdPeKIehR0cdQObPg=="],

    "@turbo/linux-64": ["@turbo/linux-64@2.8.19", "", { "os": "linux", "cpu": "x64" }, "sha512-d0xcXiGUt1Q/HzMfgkqai5KyXrassLRuUZhxmUs4ZX99tQFbqRL2/CkSKCnMqyDv7c0K5eugLerVUY+DYr1DQg=="],

    "@turbo/linux-arm64": ["@turbo/linux-arm64@2.8.19", "", { "os": "linux", "cpu": "arm64" }, "sha512-UX3r1iwqsOK8dMgKFtZpDqZk7feqHXZJ/EQAknh0SVQrnc4vkm6mZqjX4j2j3DVoSo4Ho8xGITYlor9Xxsyomw=="],

    "@turbo/windows-64": ["@turbo/windows-64@2.8.19", "", { "os": "win32", "cpu": "x64" }, "sha512-3MrvD/gMYWfQKZVZOeilKm1629zPG0+KlErZbI0n9Nr3L32+5qrZOF/cgWErukLnOSR38whgf8t2WaPJQALqxg=="],

    "@turbo/windows-arm64": ["@turbo/windows-arm64@2.8.19", "", { "os": "win32", "cpu": "arm64" }, "sha512-j+8mi7kyEgT7cUTPOtPJS8KbTWxu4+OQBiDIo+zklz/RKV4hoN+k4+J8iCM9Nj+o+SVnzc01xSI+s3eBG0MDSA=="],

    "turbo": ["turbo@2.8.19", "", { "optionalDependencies": { "@turbo/darwin-64": "2.8.19", "@turbo/darwin-arm64": "2.8.19", "@turbo/linux-64": "2.8.19", "@turbo/linux-arm64": "2.8.19", "@turbo/windows-64": "2.8.19", "@turbo/windows-arm64": "2.8.19" }, "bin": { "turbo": "bin/turbo" } }, "sha512-9NTKvQZ/02XnJCSU4mF5gvAPK+nuLbvCtft/NE8dJeOwaup0bJ14rYx7TxmSXp8JJuAN8nAjqfXWFsWwoQSFHg=="],

    "typescript": ["typescript@5.9.3", "", { "bin": { "tsc": "bin/tsc", "tsserver": "bin/tsserver" } }, "sha512-jl1vZzPDinLr9eUt3J/t7V6FgNEw9QjvBPdysz9KfQDD41fQrC2Y4vKQdiaUpFT4bXlb1RHhLpp8wtm6M5TgSw=="],
  }
}
